// !$*UTF8*$!
{
	archiveVersion = 1;
	classes = {
	};
	objectVersion = 55;
	objects = {

/* Begin PBXBuildFile section */
		33082BE22899FAE600CFD2D7 /* MainViewController.swift in Sources */ = {isa = PBXBuildFile; fileRef = 33082BE02899FAE600CFD2D7 /* MainViewController.swift */; };
		33082BE32899FAE600CFD2D7 /* MainViewController.xib in Resources */ = {isa = PBXBuildFile; fileRef = 33082BE12899FAE600CFD2D7 /* MainViewController.xib */; };
		333ABE0C289CA55B0098ADB3 /* Machine.swift in Sources */ = {isa = PBXBuildFile; fileRef = 333ABE0B289CA55B0098ADB3 /* Machine.swift */; };
		333ABE10289CA7D70098ADB3 /* OrderMaintenance.swift in Sources */ = {isa = PBXBuildFile; fileRef = 333ABE0F289CA7D70098ADB3 /* OrderMaintenance.swift */; };
		333ABE15289CB06F0098ADB3 /* AddNewMachineViewController.swift in Sources */ = {isa = PBXBuildFile; fileRef = 333ABE13289CB06F0098ADB3 /* AddNewMachineViewController.swift */; };
		333ABE16289CB06F0098ADB3 /* AddNewMachineViewController.xib in Resources */ = {isa = PBXBuildFile; fileRef = 333ABE14289CB06F0098ADB3 /* AddNewMachineViewController.xib */; };
		333C6E3D28A34A3C000647D2 /* OpenOrdeViewController.swift in Sources */ = {isa = PBXBuildFile; fileRef = 333C6E3B28A34A3C000647D2 /* OpenOrdeViewController.swift */; };
		333C6E3E28A34A3C000647D2 /* OpenOrdeViewController.xib in Resources */ = {isa = PBXBuildFile; fileRef = 333C6E3C28A34A3C000647D2 /* OpenOrdeViewController.xib */; };
		333C6E4528A34AF4000647D2 /* OrderListViewController.swift in Sources */ = {isa = PBXBuildFile; fileRef = 333C6E4328A34AF3000647D2 /* OrderListViewController.swift */; };
		333C6E4628A34AF4000647D2 /* OrderListViewController.xib in Resources */ = {isa = PBXBuildFile; fileRef = 333C6E4428A34AF3000647D2 /* OrderListViewController.xib */; };
		333C6E4B28A3530D000647D2 /* AddNewMachineModel.swift in Sources */ = {isa = PBXBuildFile; fileRef = 333C6E4A28A3530D000647D2 /* AddNewMachineModel.swift */; };
		334C3A43289B411800931820 /* AddNewAccountModel.swift in Sources */ = {isa = PBXBuildFile; fileRef = 334C3A42289B411800931820 /* AddNewAccountModel.swift */; };
		334C3A46289B428000931820 /* User.swift in Sources */ = {isa = PBXBuildFile; fileRef = 334C3A45289B428000931820 /* User.swift */; };
		336A2EFF28B2AC6300E761F1 /* LoginViewModel.swift in Sources */ = {isa = PBXBuildFile; fileRef = 336A2EFE28B2AC6300E761F1 /* LoginViewModel.swift */; };
		336A2F0128B2B8A500E761F1 /* MainViewModel.swift in Sources */ = {isa = PBXBuildFile; fileRef = 336A2F0028B2B8A500E761F1 /* MainViewModel.swift */; };
		336A2F0428B2CA7A00E761F1 /* CloseOrderViewController.swift in Sources */ = {isa = PBXBuildFile; fileRef = 336A2F0228B2CA7A00E761F1 /* CloseOrderViewController.swift */; };
		336A2F0528B2CA7A00E761F1 /* CloseOrderViewController.xib in Resources */ = {isa = PBXBuildFile; fileRef = 336A2F0328B2CA7A00E761F1 /* CloseOrderViewController.xib */; };
		3384DAAE28A5DC4400D495AC /* OpenOrderTableViewCell.swift in Sources */ = {isa = PBXBuildFile; fileRef = 3384DAAC28A5DC4400D495AC /* OpenOrderTableViewCell.swift */; };
		3384DAAF28A5DC4400D495AC /* OpenOrderTableViewCell.xib in Resources */ = {isa = PBXBuildFile; fileRef = 3384DAAD28A5DC4400D495AC /* OpenOrderTableViewCell.xib */; };
		3384DAB228A5E71A00D495AC /* SaveOrderViewController.swift in Sources */ = {isa = PBXBuildFile; fileRef = 3384DAB028A5E71A00D495AC /* SaveOrderViewController.swift */; };
		3384DAB328A5E71A00D495AC /* SaveOrderViewController.xib in Resources */ = {isa = PBXBuildFile; fileRef = 3384DAB128A5E71A00D495AC /* SaveOrderViewController.xib */; };
		3384DAB728A5EC3900D495AC /* SaveOrderModel.swift in Sources */ = {isa = PBXBuildFile; fileRef = 3384DAB628A5EC3900D495AC /* SaveOrderModel.swift */; };
		33AD69F928B450EA00898BC9 /* OpenOrderModel.swift in Sources */ = {isa = PBXBuildFile; fileRef = 33AD69F828B450E900898BC9 /* OpenOrderModel.swift */; };
		33AD6A0028B4731300898BC9 /* OrderListModel.swift in Sources */ = {isa = PBXBuildFile; fileRef = 33AD69FF28B4731300898BC9 /* OrderListModel.swift */; };
		33B948CA28B98851005E5CE2 /* CloserOrderModel.swift in Sources */ = {isa = PBXBuildFile; fileRef = 33B948C928B98851005E5CE2 /* CloserOrderModel.swift */; };
		33C564C428AC6C1300F71BA1 /* OrderListTableViewCell.swift in Sources */ = {isa = PBXBuildFile; fileRef = 33C564C228AC6C1300F71BA1 /* OrderListTableViewCell.swift */; };
		33C564C528AC6C1300F71BA1 /* OrderListTableViewCell.xib in Resources */ = {isa = PBXBuildFile; fileRef = 33C564C328AC6C1300F71BA1 /* OrderListTableViewCell.xib */; };
		33F7F2C12898948100754BAE /* SceneDelegate.swift in Sources */ = {isa = PBXBuildFile; fileRef = 33F7F2C02898948100754BAE /* SceneDelegate.swift */; };
		33F7F2C82898948200754BAE /* Assets.xcassets in Resources */ = {isa = PBXBuildFile; fileRef = 33F7F2C72898948200754BAE /* Assets.xcassets */; };
		33F7F2CB2898948200754BAE /* LaunchScreen.storyboard in Resources */ = {isa = PBXBuildFile; fileRef = 33F7F2C92898948200754BAE /* LaunchScreen.storyboard */; };
		33F7F2D42898967D00754BAE /* LoginViewController.swift in Sources */ = {isa = PBXBuildFile; fileRef = 33F7F2D22898967D00754BAE /* LoginViewController.swift */; };
		33F7F2D52898967D00754BAE /* LoginViewController.xib in Resources */ = {isa = PBXBuildFile; fileRef = 33F7F2D32898967D00754BAE /* LoginViewController.xib */; };
		33F7F2D92898A3FE00754BAE /* AddNewAccountViewController.swift in Sources */ = {isa = PBXBuildFile; fileRef = 33F7F2D72898A3FE00754BAE /* AddNewAccountViewController.swift */; };
		33F7F2DA2898A3FE00754BAE /* AddNewAccountViewController.xib in Resources */ = {isa = PBXBuildFile; fileRef = 33F7F2D82898A3FE00754BAE /* AddNewAccountViewController.xib */; };
		33F7F2DD2898A71500754BAE /* HomeViewController.swift in Sources */ = {isa = PBXBuildFile; fileRef = 33F7F2DB2898A71500754BAE /* HomeViewController.swift */; };
		33F7F2DE2898A71500754BAE /* HomeViewController.xib in Resources */ = {isa = PBXBuildFile; fileRef = 33F7F2DC2898A71500754BAE /* HomeViewController.xib */; };
		33F7F2DF2898B63A00754BAE /* AppDelegate.swift in Sources */ = {isa = PBXBuildFile; fileRef = 33F7F2BE2898948100754BAE /* AppDelegate.swift */; };
		33F7F2E22898C18600754BAE /* GoogleService-Info.plist in Resources */ = {isa = PBXBuildFile; fileRef = 33F7F2E12898C18600754BAE /* GoogleService-Info.plist */; };
		33F7F2E52898CC4300754BAE /* FirebaseAuth in Frameworks */ = {isa = PBXBuildFile; productRef = 33F7F2E42898CC4300754BAE /* FirebaseAuth */; };
		33F7F2E72898CC4300754BAE /* FirebaseDatabase in Frameworks */ = {isa = PBXBuildFile; productRef = 33F7F2E62898CC4300754BAE /* FirebaseDatabase */; };
		33F7F2E92898CC4300754BAE /* FirebaseStorage in Frameworks */ = {isa = PBXBuildFile; productRef = 33F7F2E82898CC4300754BAE /* FirebaseStorage */; };
/* End PBXBuildFile section */

/* Begin PBXFileReference section */
		33082BE02899FAE600CFD2D7 /* MainViewController.swift */ = {isa = PBXFileReference; lastKnownFileType = sourcecode.swift; path = MainViewController.swift; sourceTree = "<group>"; };
		33082BE12899FAE600CFD2D7 /* MainViewController.xib */ = {isa = PBXFileReference; lastKnownFileType = file.xib; path = MainViewController.xib; sourceTree = "<group>"; };
		333ABE0B289CA55B0098ADB3 /* Machine.swift */ = {isa = PBXFileReference; lastKnownFileType = sourcecode.swift; path = Machine.swift; sourceTree = "<group>"; };
		333ABE0F289CA7D70098ADB3 /* OrderMaintenance.swift */ = {isa = PBXFileReference; lastKnownFileType = sourcecode.swift; path = OrderMaintenance.swift; sourceTree = "<group>"; };
		333ABE13289CB06F0098ADB3 /* AddNewMachineViewController.swift */ = {isa = PBXFileReference; lastKnownFileType = sourcecode.swift; path = AddNewMachineViewController.swift; sourceTree = "<group>"; };
		333ABE14289CB06F0098ADB3 /* AddNewMachineViewController.xib */ = {isa = PBXFileReference; lastKnownFileType = file.xib; path = AddNewMachineViewController.xib; sourceTree = "<group>"; };
		333C6E3B28A34A3C000647D2 /* OpenOrdeViewController.swift */ = {isa = PBXFileReference; lastKnownFileType = sourcecode.swift; path = OpenOrdeViewController.swift; sourceTree = "<group>"; };
		333C6E3C28A34A3C000647D2 /* OpenOrdeViewController.xib */ = {isa = PBXFileReference; lastKnownFileType = file.xib; path = OpenOrdeViewController.xib; sourceTree = "<group>"; };
		333C6E4328A34AF3000647D2 /* OrderListViewController.swift */ = {isa = PBXFileReference; lastKnownFileType = sourcecode.swift; path = OrderListViewController.swift; sourceTree = "<group>"; };
		333C6E4428A34AF3000647D2 /* OrderListViewController.xib */ = {isa = PBXFileReference; lastKnownFileType = file.xib; path = OrderListViewController.xib; sourceTree = "<group>"; };
		333C6E4A28A3530D000647D2 /* AddNewMachineModel.swift */ = {isa = PBXFileReference; lastKnownFileType = sourcecode.swift; path = AddNewMachineModel.swift; sourceTree = "<group>"; };
		334C3A42289B411800931820 /* AddNewAccountModel.swift */ = {isa = PBXFileReference; lastKnownFileType = sourcecode.swift; path = AddNewAccountModel.swift; sourceTree = "<group>"; };
		334C3A45289B428000931820 /* User.swift */ = {isa = PBXFileReference; lastKnownFileType = sourcecode.swift; path = User.swift; sourceTree = "<group>"; };
		336A2EFE28B2AC6300E761F1 /* LoginViewModel.swift */ = {isa = PBXFileReference; lastKnownFileType = sourcecode.swift; path = LoginViewModel.swift; sourceTree = "<group>"; };
		336A2F0028B2B8A500E761F1 /* MainViewModel.swift */ = {isa = PBXFileReference; lastKnownFileType = sourcecode.swift; path = MainViewModel.swift; sourceTree = "<group>"; };
		336A2F0228B2CA7A00E761F1 /* CloseOrderViewController.swift */ = {isa = PBXFileReference; lastKnownFileType = sourcecode.swift; path = CloseOrderViewController.swift; sourceTree = "<group>"; };
		336A2F0328B2CA7A00E761F1 /* CloseOrderViewController.xib */ = {isa = PBXFileReference; lastKnownFileType = file.xib; path = CloseOrderViewController.xib; sourceTree = "<group>"; };
		3384DAAC28A5DC4400D495AC /* OpenOrderTableViewCell.swift */ = {isa = PBXFileReference; lastKnownFileType = sourcecode.swift; path = OpenOrderTableViewCell.swift; sourceTree = "<group>"; };
		3384DAAD28A5DC4400D495AC /* OpenOrderTableViewCell.xib */ = {isa = PBXFileReference; lastKnownFileType = file.xib; path = OpenOrderTableViewCell.xib; sourceTree = "<group>"; };
		3384DAB028A5E71A00D495AC /* SaveOrderViewController.swift */ = {isa = PBXFileReference; lastKnownFileType = sourcecode.swift; path = SaveOrderViewController.swift; sourceTree = "<group>"; };
		3384DAB128A5E71A00D495AC /* SaveOrderViewController.xib */ = {isa = PBXFileReference; lastKnownFileType = file.xib; path = SaveOrderViewController.xib; sourceTree = "<group>"; };
		3384DAB628A5EC3900D495AC /* SaveOrderModel.swift */ = {isa = PBXFileReference; lastKnownFileType = sourcecode.swift; path = SaveOrderModel.swift; sourceTree = "<group>"; };
		33AD69F828B450E900898BC9 /* OpenOrderModel.swift */ = {isa = PBXFileReference; lastKnownFileType = sourcecode.swift; path = OpenOrderModel.swift; sourceTree = "<group>"; };
		33AD69FF28B4731300898BC9 /* OrderListModel.swift */ = {isa = PBXFileReference; lastKnownFileType = sourcecode.swift; path = OrderListModel.swift; sourceTree = "<group>"; };
		33B948C928B98851005E5CE2 /* CloserOrderModel.swift */ = {isa = PBXFileReference; lastKnownFileType = sourcecode.swift; path = CloserOrderModel.swift; sourceTree = "<group>"; };
		33C564C228AC6C1300F71BA1 /* OrderListTableViewCell.swift */ = {isa = PBXFileReference; lastKnownFileType = sourcecode.swift; path = OrderListTableViewCell.swift; sourceTree = "<group>"; };
		33C564C328AC6C1300F71BA1 /* OrderListTableViewCell.xib */ = {isa = PBXFileReference; lastKnownFileType = file.xib; path = OrderListTableViewCell.xib; sourceTree = "<group>"; };
		33F7F2BB2898948100754BAE /* MaintenanceManagement.app */ = {isa = PBXFileReference; explicitFileType = wrapper.application; includeInIndex = 0; path = MaintenanceManagement.app; sourceTree = BUILT_PRODUCTS_DIR; };
		33F7F2BE2898948100754BAE /* AppDelegate.swift */ = {isa = PBXFileReference; lastKnownFileType = sourcecode.swift; path = AppDelegate.swift; sourceTree = "<group>"; };
		33F7F2C02898948100754BAE /* SceneDelegate.swift */ = {isa = PBXFileReference; lastKnownFileType = sourcecode.swift; path = SceneDelegate.swift; sourceTree = "<group>"; };
		33F7F2C72898948200754BAE /* Assets.xcassets */ = {isa = PBXFileReference; lastKnownFileType = folder.assetcatalog; path = Assets.xcassets; sourceTree = "<group>"; };
		33F7F2CA2898948200754BAE /* Base */ = {isa = PBXFileReference; lastKnownFileType = file.storyboard; name = Base; path = Base.lproj/LaunchScreen.storyboard; sourceTree = "<group>"; };
		33F7F2CC2898948200754BAE /* Info.plist */ = {isa = PBXFileReference; lastKnownFileType = text.plist.xml; path = Info.plist; sourceTree = "<group>"; };
		33F7F2D22898967D00754BAE /* LoginViewController.swift */ = {isa = PBXFileReference; lastKnownFileType = sourcecode.swift; path = LoginViewController.swift; sourceTree = "<group>"; };
		33F7F2D32898967D00754BAE /* LoginViewController.xib */ = {isa = PBXFileReference; lastKnownFileType = file.xib; path = LoginViewController.xib; sourceTree = "<group>"; };
		33F7F2D72898A3FE00754BAE /* AddNewAccountViewController.swift */ = {isa = PBXFileReference; lastKnownFileType = sourcecode.swift; path = AddNewAccountViewController.swift; sourceTree = "<group>"; };
		33F7F2D82898A3FE00754BAE /* AddNewAccountViewController.xib */ = {isa = PBXFileReference; lastKnownFileType = file.xib; path = AddNewAccountViewController.xib; sourceTree = "<group>"; };
		33F7F2DB2898A71500754BAE /* HomeViewController.swift */ = {isa = PBXFileReference; lastKnownFileType = sourcecode.swift; path = HomeViewController.swift; sourceTree = "<group>"; };
		33F7F2DC2898A71500754BAE /* HomeViewController.xib */ = {isa = PBXFileReference; lastKnownFileType = file.xib; path = HomeViewController.xib; sourceTree = "<group>"; };
		33F7F2E12898C18600754BAE /* GoogleService-Info.plist */ = {isa = PBXFileReference; lastKnownFileType = text.plist; path = "GoogleService-Info.plist"; sourceTree = SOURCE_ROOT; };
/* End PBXFileReference section */

/* Begin PBXFrameworksBuildPhase section */
		33F7F2B82898948100754BAE /* Frameworks */ = {
			isa = PBXFrameworksBuildPhase;
			buildActionMask = 2147483647;
			files = (
				33F7F2E72898CC4300754BAE /* FirebaseDatabase in Frameworks */,
				33F7F2E52898CC4300754BAE /* FirebaseAuth in Frameworks */,
				33F7F2E92898CC4300754BAE /* FirebaseStorage in Frameworks */,
			);
			runOnlyForDeploymentPostprocessing = 0;
		};
/* End PBXFrameworksBuildPhase section */

/* Begin PBXGroup section */
		333C6E4728A34B1B000647D2 /* MainScene */ = {
			isa = PBXGroup;
			children = (
				33082BE02899FAE600CFD2D7 /* MainViewController.swift */,
				33082BE12899FAE600CFD2D7 /* MainViewController.xib */,
				336A2F0028B2B8A500E761F1 /* MainViewModel.swift */,
			);
			path = MainScene;
			sourceTree = "<group>";
		};
		333C6E4928A34B8F000647D2 /* Sign in Scene */ = {
			isa = PBXGroup;
			children = (
				33F7F2D22898967D00754BAE /* LoginViewController.swift */,
				336A2EFE28B2AC6300E761F1 /* LoginViewModel.swift */,
				33F7F2D32898967D00754BAE /* LoginViewController.xib */,
				33F7F2DB2898A71500754BAE /* HomeViewController.swift */,
				33F7F2DC2898A71500754BAE /* HomeViewController.xib */,
				33F7F2D72898A3FE00754BAE /* AddNewAccountViewController.swift */,
				33F7F2D82898A3FE00754BAE /* AddNewAccountViewController.xib */,
				334C3A42289B411800931820 /* AddNewAccountModel.swift */,
			);
			path = "Sign in Scene";
			sourceTree = "<group>";
		};
		334C3A44289B425300931820 /* Models */ = {
			isa = PBXGroup;
			children = (
				334C3A45289B428000931820 /* User.swift */,
				333ABE0B289CA55B0098ADB3 /* Machine.swift */,
				333ABE0F289CA7D70098ADB3 /* OrderMaintenance.swift */,
			);
			path = Models;
			sourceTree = "<group>";
		};
		33AD69FA28B45EEF00898BC9 /* AddNewMachineScene */ = {
			isa = PBXGroup;
			children = (
				333ABE13289CB06F0098ADB3 /* AddNewMachineViewController.swift */,
				333C6E4A28A3530D000647D2 /* AddNewMachineModel.swift */,
				333ABE14289CB06F0098ADB3 /* AddNewMachineViewController.xib */,
			);
			path = AddNewMachineScene;
			sourceTree = "<group>";
		};
		33AD69FB28B45F3800898BC9 /* OrderListScene */ = {
			isa = PBXGroup;
			children = (
				333C6E4328A34AF3000647D2 /* OrderListViewController.swift */,
				33AD69FF28B4731300898BC9 /* OrderListModel.swift */,
				333C6E4428A34AF3000647D2 /* OrderListViewController.xib */,
				33C564C228AC6C1300F71BA1 /* OrderListTableViewCell.swift */,
				33C564C328AC6C1300F71BA1 /* OrderListTableViewCell.xib */,
			);
			path = OrderListScene;
			sourceTree = "<group>";
		};
		33AD69FC28B45FB100898BC9 /* SaveOrderScene */ = {
			isa = PBXGroup;
			children = (
				3384DAB128A5E71A00D495AC /* SaveOrderViewController.xib */,
				3384DAB628A5EC3900D495AC /* SaveOrderModel.swift */,
				3384DAB028A5E71A00D495AC /* SaveOrderViewController.swift */,
			);
			path = SaveOrderScene;
			sourceTree = "<group>";
		};
		33AD69FD28B4601800898BC9 /* OpenOrderScene */ = {
			isa = PBXGroup;
			children = (
				333C6E3C28A34A3C000647D2 /* OpenOrdeViewController.xib */,
				3384DAAC28A5DC4400D495AC /* OpenOrderTableViewCell.swift */,
				3384DAAD28A5DC4400D495AC /* OpenOrderTableViewCell.xib */,
				333C6E3B28A34A3C000647D2 /* OpenOrdeViewController.swift */,
				33AD69F828B450E900898BC9 /* OpenOrderModel.swift */,
			);
			path = OpenOrderScene;
			sourceTree = "<group>";
		};
		33AD69FE28B463F700898BC9 /* CloserOrderScene */ = {
			isa = PBXGroup;
			children = (
				336A2F0228B2CA7A00E761F1 /* CloseOrderViewController.swift */,
				33B948C928B98851005E5CE2 /* CloserOrderModel.swift */,
				336A2F0328B2CA7A00E761F1 /* CloseOrderViewController.xib */,
			);
			path = CloserOrderScene;
			sourceTree = "<group>";
		};
		33F7F2B22898948100754BAE = {
			isa = PBXGroup;
			children = (
				33F7F2BD2898948100754BAE /* MaintenanceManagement */,
				33F7F2BC2898948100754BAE /* Products */,
			);
			sourceTree = "<group>";
		};
		33F7F2BC2898948100754BAE /* Products */ = {
			isa = PBXGroup;
			children = (
				33F7F2BB2898948100754BAE /* MaintenanceManagement.app */,
			);
			name = Products;
			sourceTree = "<group>";
		};
		33F7F2BD2898948100754BAE /* MaintenanceManagement */ = {
			isa = PBXGroup;
			children = (
				334C3A44289B425300931820 /* Models */,
				33F7F2D6289898CA00754BAE /* Scene */,
				33F7F2BE2898948100754BAE /* AppDelegate.swift */,
				33F7F2C02898948100754BAE /* SceneDelegate.swift */,
				33F7F2C72898948200754BAE /* Assets.xcassets */,
				33F7F2C92898948200754BAE /* LaunchScreen.storyboard */,
				33F7F2CC2898948200754BAE /* Info.plist */,
				33F7F2E12898C18600754BAE /* GoogleService-Info.plist */,
			);
			path = MaintenanceManagement;
			sourceTree = "<group>";
		};
		33F7F2D6289898CA00754BAE /* Scene */ = {
			isa = PBXGroup;
			children = (
				33AD69FE28B463F700898BC9 /* CloserOrderScene */,
				33AD69FA28B45EEF00898BC9 /* AddNewMachineScene */,
				33AD69FB28B45F3800898BC9 /* OrderListScene */,
				33AD69FC28B45FB100898BC9 /* SaveOrderScene */,
				33AD69FD28B4601800898BC9 /* OpenOrderScene */,
				333C6E4928A34B8F000647D2 /* Sign in Scene */,
				333C6E4728A34B1B000647D2 /* MainScene */,
			);
			path = Scene;
			sourceTree = "<group>";
		};
/* End PBXGroup section */

/* Begin PBXNativeTarget section */
		33F7F2BA2898948100754BAE /* MaintenanceManagement */ = {
			isa = PBXNativeTarget;
			buildConfigurationList = 33F7F2CF2898948200754BAE /* Build configuration list for PBXNativeTarget "MaintenanceManagement" */;
			buildPhases = (
				33F7F2B72898948100754BAE /* Sources */,
				33F7F2B82898948100754BAE /* Frameworks */,
				33F7F2B92898948100754BAE /* Resources */,
			);
			buildRules = (
			);
			dependencies = (
			);
			name = MaintenanceManagement;
			packageProductDependencies = (
				33F7F2E42898CC4300754BAE /* FirebaseAuth */,
				33F7F2E62898CC4300754BAE /* FirebaseDatabase */,
				33F7F2E82898CC4300754BAE /* FirebaseStorage */,
			);
			productName = MaintenanceManagement;
			productReference = 33F7F2BB2898948100754BAE /* MaintenanceManagement.app */;
			productType = "com.apple.product-type.application";
		};
/* End PBXNativeTarget section */

/* Begin PBXProject section */
		33F7F2B32898948100754BAE /* Project object */ = {
			isa = PBXProject;
			attributes = {
				BuildIndependentTargetsInParallel = 1;
				LastSwiftUpdateCheck = 1320;
				LastUpgradeCheck = 1320;
				TargetAttributes = {
					33F7F2BA2898948100754BAE = {
						CreatedOnToolsVersion = 13.2.1;
					};
				};
			};
			buildConfigurationList = 33F7F2B62898948100754BAE /* Build configuration list for PBXProject "MaintenanceManagement" */;
			compatibilityVersion = "Xcode 13.0";
			developmentRegion = en;
			hasScannedForEncodings = 0;
			knownRegions = (
				en,
				Base,
			);
			mainGroup = 33F7F2B22898948100754BAE;
			packageReferences = (
				33F7F2E32898CC4300754BAE /* XCRemoteSwiftPackageReference "firebase-ios-sdk" */,
			);
			productRefGroup = 33F7F2BC2898948100754BAE /* Products */;
			projectDirPath = "";
			projectRoot = "";
			targets = (
				33F7F2BA2898948100754BAE /* MaintenanceManagement */,
			);
		};
/* End PBXProject section */

/* Begin PBXResourcesBuildPhase section */
		33F7F2B92898948100754BAE /* Resources */ = {
			isa = PBXResourcesBuildPhase;
			buildActionMask = 2147483647;
			files = (
				333C6E3E28A34A3C000647D2 /* OpenOrdeViewController.xib in Resources */,
				33F7F2CB2898948200754BAE /* LaunchScreen.storyboard in Resources */,
				33F7F2C82898948200754BAE /* Assets.xcassets in Resources */,
				333C6E4628A34AF4000647D2 /* OrderListViewController.xib in Resources */,
				336A2F0528B2CA7A00E761F1 /* CloseOrderViewController.xib in Resources */,
				33F7F2DE2898A71500754BAE /* HomeViewController.xib in Resources */,
				33F7F2D52898967D00754BAE /* LoginViewController.xib in Resources */,
				3384DAB328A5E71A00D495AC /* SaveOrderViewController.xib in Resources */,
				33F7F2DA2898A3FE00754BAE /* AddNewAccountViewController.xib in Resources */,
				33082BE32899FAE600CFD2D7 /* MainViewController.xib in Resources */,
				33C564C528AC6C1300F71BA1 /* OrderListTableViewCell.xib in Resources */,
				3384DAAF28A5DC4400D495AC /* OpenOrderTableViewCell.xib in Resources */,
				33F7F2E22898C18600754BAE /* GoogleService-Info.plist in Resources */,
				333ABE16289CB06F0098ADB3 /* AddNewMachineViewController.xib in Resources */,
			);
			runOnlyForDeploymentPostprocessing = 0;
		};
/* End PBXResourcesBuildPhase section */

/* Begin PBXSourcesBuildPhase section */
		33F7F2B72898948100754BAE /* Sources */ = {
			isa = PBXSourcesBuildPhase;
			buildActionMask = 2147483647;
			files = (
				33F7F2DD2898A71500754BAE /* HomeViewController.swift in Sources */,
				33F7F2D42898967D00754BAE /* LoginViewController.swift in Sources */,
				3384DAB728A5EC3900D495AC /* SaveOrderModel.swift in Sources */,
				3384DAB228A5E71A00D495AC /* SaveOrderViewController.swift in Sources */,
				333C6E4528A34AF4000647D2 /* OrderListViewController.swift in Sources */,
				33F7F2D92898A3FE00754BAE /* AddNewAccountViewController.swift in Sources */,
				336A2F0428B2CA7A00E761F1 /* CloseOrderViewController.swift in Sources */,
				334C3A43289B411800931820 /* AddNewAccountModel.swift in Sources */,
				334C3A46289B428000931820 /* User.swift in Sources */,
				33082BE22899FAE600CFD2D7 /* MainViewController.swift in Sources */,
				333C6E3D28A34A3C000647D2 /* OpenOrdeViewController.swift in Sources */,
				33F7F2DF2898B63A00754BAE /* AppDelegate.swift in Sources */,
				33AD69F928B450EA00898BC9 /* OpenOrderModel.swift in Sources */,
				333ABE15289CB06F0098ADB3 /* AddNewMachineViewController.swift in Sources */,
				33C564C428AC6C1300F71BA1 /* OrderListTableViewCell.swift in Sources */,
				3384DAAE28A5DC4400D495AC /* OpenOrderTableViewCell.swift in Sources */,
				333C6E4B28A3530D000647D2 /* AddNewMachineModel.swift in Sources */,
				336A2F0128B2B8A500E761F1 /* MainViewModel.swift in Sources */,
				33F7F2C12898948100754BAE /* SceneDelegate.swift in Sources */,
				33AD6A0028B4731300898BC9 /* OrderListModel.swift in Sources */,
				333ABE10289CA7D70098ADB3 /* OrderMaintenance.swift in Sources */,
				336A2EFF28B2AC6300E761F1 /* LoginViewModel.swift in Sources */,
				33B948CA28B98851005E5CE2 /* CloserOrderModel.swift in Sources */,
				333ABE0C289CA55B0098ADB3 /* Machine.swift in Sources */,
			);
			runOnlyForDeploymentPostprocessing = 0;
		};
/* End PBXSourcesBuildPhase section */

/* Begin PBXVariantGroup section */
		33F7F2C92898948200754BAE /* LaunchScreen.storyboard */ = {
			isa = PBXVariantGroup;
			children = (
				33F7F2CA2898948200754BAE /* Base */,
			);
			name = LaunchScreen.storyboard;
			sourceTree = "<group>";
		};
/* End PBXVariantGroup section */

/* Begin XCBuildConfiguration section */
		33F7F2CD2898948200754BAE /* Debug */ = {
			isa = XCBuildConfiguration;
			buildSettings = {
				ALWAYS_SEARCH_USER_PATHS = NO;
				CLANG_ANALYZER_NONNULL = YES;
				CLANG_ANALYZER_NUMBER_OBJECT_CONVERSION = YES_AGGRESSIVE;
				CLANG_CXX_LANGUAGE_STANDARD = "gnu++17";
				CLANG_CXX_LIBRARY = "libc++";
				CLANG_ENABLE_MODULES = YES;
				CLANG_ENABLE_OBJC_ARC = YES;
				CLANG_ENABLE_OBJC_WEAK = YES;
				CLANG_WARN_BLOCK_CAPTURE_AUTORELEASING = YES;
				CLANG_WARN_BOOL_CONVERSION = YES;
				CLANG_WARN_COMMA = YES;
				CLANG_WARN_CONSTANT_CONVERSION = YES;
				CLANG_WARN_DEPRECATED_OBJC_IMPLEMENTATIONS = YES;
				CLANG_WARN_DIRECT_OBJC_ISA_USAGE = YES_ERROR;
				CLANG_WARN_DOCUMENTATION_COMMENTS = YES;
				CLANG_WARN_EMPTY_BODY = YES;
				CLANG_WARN_ENUM_CONVERSION = YES;
				CLANG_WARN_INFINITE_RECURSION = YES;
				CLANG_WARN_INT_CONVERSION = YES;
				CLANG_WARN_NON_LITERAL_NULL_CONVERSION = YES;
				CLANG_WARN_OBJC_IMPLICIT_RETAIN_SELF = YES;
				CLANG_WARN_OBJC_LITERAL_CONVERSION = YES;
				CLANG_WARN_OBJC_ROOT_CLASS = YES_ERROR;
				CLANG_WARN_QUOTED_INCLUDE_IN_FRAMEWORK_HEADER = YES;
				CLANG_WARN_RANGE_LOOP_ANALYSIS = YES;
				CLANG_WARN_STRICT_PROTOTYPES = YES;
				CLANG_WARN_SUSPICIOUS_MOVE = YES;
				CLANG_WARN_UNGUARDED_AVAILABILITY = YES_AGGRESSIVE;
				CLANG_WARN_UNREACHABLE_CODE = YES;
				CLANG_WARN__DUPLICATE_METHOD_MATCH = YES;
				COPY_PHASE_STRIP = NO;
				DEBUG_INFORMATION_FORMAT = dwarf;
				ENABLE_STRICT_OBJC_MSGSEND = YES;
				ENABLE_TESTABILITY = YES;
				GCC_C_LANGUAGE_STANDARD = gnu11;
				GCC_DYNAMIC_NO_PIC = NO;
				GCC_NO_COMMON_BLOCKS = YES;
				GCC_OPTIMIZATION_LEVEL = 0;
				GCC_PREPROCESSOR_DEFINITIONS = (
					"DEBUG=1",
					"$(inherited)",
				);
				GCC_WARN_64_TO_32_BIT_CONVERSION = YES;
				GCC_WARN_ABOUT_RETURN_TYPE = YES_ERROR;
				GCC_WARN_UNDECLARED_SELECTOR = YES;
				GCC_WARN_UNINITIALIZED_AUTOS = YES_AGGRESSIVE;
				GCC_WARN_UNUSED_FUNCTION = YES;
				GCC_WARN_UNUSED_VARIABLE = YES;
				IPHONEOS_DEPLOYMENT_TARGET = 15.2;
				MTL_ENABLE_DEBUG_INFO = INCLUDE_SOURCE;
				MTL_FAST_MATH = YES;
				ONLY_ACTIVE_ARCH = YES;
				SDKROOT = iphoneos;
				SWIFT_ACTIVE_COMPILATION_CONDITIONS = DEBUG;
				SWIFT_OPTIMIZATION_LEVEL = "-Onone";
			};
			name = Debug;
		};
		33F7F2CE2898948200754BAE /* Release */ = {
			isa = XCBuildConfiguration;
			buildSettings = {
				ALWAYS_SEARCH_USER_PATHS = NO;
				CLANG_ANALYZER_NONNULL = YES;
				CLANG_ANALYZER_NUMBER_OBJECT_CONVERSION = YES_AGGRESSIVE;
				CLANG_CXX_LANGUAGE_STANDARD = "gnu++17";
				CLANG_CXX_LIBRARY = "libc++";
				CLANG_ENABLE_MODULES = YES;
				CLANG_ENABLE_OBJC_ARC = YES;
				CLANG_ENABLE_OBJC_WEAK = YES;
				CLANG_WARN_BLOCK_CAPTURE_AUTORELEASING = YES;
				CLANG_WARN_BOOL_CONVERSION = YES;
				CLANG_WARN_COMMA = YES;
				CLANG_WARN_CONSTANT_CONVERSION = YES;
				CLANG_WARN_DEPRECATED_OBJC_IMPLEMENTATIONS = YES;
				CLANG_WARN_DIRECT_OBJC_ISA_USAGE = YES_ERROR;
				CLANG_WARN_DOCUMENTATION_COMMENTS = YES;
				CLANG_WARN_EMPTY_BODY = YES;
				CLANG_WARN_ENUM_CONVERSION = YES;
				CLANG_WARN_INFINITE_RECURSION = YES;
				CLANG_WARN_INT_CONVERSION = YES;
				CLANG_WARN_NON_LITERAL_NULL_CONVERSION = YES;
				CLANG_WARN_OBJC_IMPLICIT_RETAIN_SELF = YES;
				CLANG_WARN_OBJC_LITERAL_CONVERSION = YES;
				CLANG_WARN_OBJC_ROOT_CLASS = YES_ERROR;
				CLANG_WARN_QUOTED_INCLUDE_IN_FRAMEWORK_HEADER = YES;
				CLANG_WARN_RANGE_LOOP_ANALYSIS = YES;
				CLANG_WARN_STRICT_PROTOTYPES = YES;
				CLANG_WARN_SUSPICIOUS_MOVE = YES;
				CLANG_WARN_UNGUARDED_AVAILABILITY = YES_AGGRESSIVE;
				CLANG_WARN_UNREACHABLE_CODE = YES;
				CLANG_WARN__DUPLICATE_METHOD_MATCH = YES;
				COPY_PHASE_STRIP = NO;
				DEBUG_INFORMATION_FORMAT = "dwarf-with-dsym";
				ENABLE_NS_ASSERTIONS = NO;
				ENABLE_STRICT_OBJC_MSGSEND = YES;
				GCC_C_LANGUAGE_STANDARD = gnu11;
				GCC_NO_COMMON_BLOCKS = YES;
				GCC_WARN_64_TO_32_BIT_CONVERSION = YES;
				GCC_WARN_ABOUT_RETURN_TYPE = YES_ERROR;
				GCC_WARN_UNDECLARED_SELECTOR = YES;
				GCC_WARN_UNINITIALIZED_AUTOS = YES_AGGRESSIVE;
				GCC_WARN_UNUSED_FUNCTION = YES;
				GCC_WARN_UNUSED_VARIABLE = YES;
				IPHONEOS_DEPLOYMENT_TARGET = 15.2;
				MTL_ENABLE_DEBUG_INFO = NO;
				MTL_FAST_MATH = YES;
				SDKROOT = iphoneos;
				SWIFT_COMPILATION_MODE = wholemodule;
				SWIFT_OPTIMIZATION_LEVEL = "-O";
				VALIDATE_PRODUCT = YES;
			};
			name = Release;
		};
		33F7F2D02898948200754BAE /* Debug */ = {
			isa = XCBuildConfiguration;
			buildSettings = {
				ASSETCATALOG_COMPILER_APPICON_NAME = AppIcon;
				ASSETCATALOG_COMPILER_GLOBAL_ACCENT_COLOR_NAME = AccentColor;
				CODE_SIGN_STYLE = Automatic;
				CURRENT_PROJECT_VERSION = 1;
				DEVELOPMENT_TEAM = L83QN8FS8U;
				GENERATE_INFOPLIST_FILE = YES;
				INFOPLIST_FILE = MaintenanceManagement/Info.plist;
				INFOPLIST_KEY_UIApplicationSupportsIndirectInputEvents = YES;
				INFOPLIST_KEY_UILaunchStoryboardName = LaunchScreen;
				INFOPLIST_KEY_UISupportedInterfaceOrientations_iPad = "UIInterfaceOrientationPortrait UIInterfaceOrientationPortraitUpsideDown UIInterfaceOrientationLandscapeLeft UIInterfaceOrientationLandscapeRight";
				INFOPLIST_KEY_UISupportedInterfaceOrientations_iPhone = "UIInterfaceOrientationPortrait UIInterfaceOrientationLandscapeLeft UIInterfaceOrientationLandscapeRight";
				LD_RUNPATH_SEARCH_PATHS = (
					"$(inherited)",
					"@executable_path/Frameworks",
				);
				MARKETING_VERSION = 1.0;
				PRODUCT_BUNDLE_IDENTIFIER = com.silva.MaintenanceManagement;
				PRODUCT_NAME = "$(TARGET_NAME)";
				SWIFT_EMIT_LOC_STRINGS = YES;
				SWIFT_VERSION = 5.0;
				TARGETED_DEVICE_FAMILY = 1;
			};
			name = Debug;
		};
		33F7F2D12898948200754BAE /* Release */ = {
			isa = XCBuildConfiguration;
			buildSettings = {
				ASSETCATALOG_COMPILER_APPICON_NAME = AppIcon;
				ASSETCATALOG_COMPILER_GLOBAL_ACCENT_COLOR_NAME = AccentColor;
				CODE_SIGN_STYLE = Automatic;
				CURRENT_PROJECT_VERSION = 1;
				DEVELOPMENT_TEAM = L83QN8FS8U;
				GENERATE_INFOPLIST_FILE = YES;
				INFOPLIST_FILE = MaintenanceManagement/Info.plist;
				INFOPLIST_KEY_UIApplicationSupportsIndirectInputEvents = YES;
				INFOPLIST_KEY_UILaunchStoryboardName = LaunchScreen;
				INFOPLIST_KEY_UISupportedInterfaceOrientations_iPad = "UIInterfaceOrientationPortrait UIInterfaceOrientationPortraitUpsideDown UIInterfaceOrientationLandscapeLeft UIInterfaceOrientationLandscapeRight";
				INFOPLIST_KEY_UISupportedInterfaceOrientations_iPhone = "UIInterfaceOrientationPortrait UIInterfaceOrientationLandscapeLeft UIInterfaceOrientationLandscapeRight";
				LD_RUNPATH_SEARCH_PATHS = (
					"$(inherited)",
					"@executable_path/Frameworks",
				);
				MARKETING_VERSION = 1.0;
				PRODUCT_BUNDLE_IDENTIFIER = com.silva.MaintenanceManagement;
				PRODUCT_NAME = "$(TARGET_NAME)";
				SWIFT_EMIT_LOC_STRINGS = YES;
				SWIFT_VERSION = 5.0;
				TARGETED_DEVICE_FAMILY = 1;
			};
			name = Release;
		};
/* End XCBuildConfiguration section */

/* Begin XCConfigurationList section */
		33F7F2B62898948100754BAE /* Build configuration list for PBXProject "MaintenanceManagement" */ = {
			isa = XCConfigurationList;
			buildConfigurations = (
				33F7F2CD2898948200754BAE /* Debug */,
				33F7F2CE2898948200754BAE /* Release */,
			);
			defaultConfigurationIsVisible = 0;
			defaultConfigurationName = Release;
		};
		33F7F2CF2898948200754BAE /* Build configuration list for PBXNativeTarget "MaintenanceManagement" */ = {
			isa = XCConfigurationList;
			buildConfigurations = (
				33F7F2D02898948200754BAE /* Debug */,
				33F7F2D12898948200754BAE /* Release */,
			);
			defaultConfigurationIsVisible = 0;
			defaultConfigurationName = Release;
		};
/* End XCConfigurationList section */

/* Begin XCRemoteSwiftPackageReference section */
		33F7F2E32898CC4300754BAE /* XCRemoteSwiftPackageReference "firebase-ios-sdk" */ = {
			isa = XCRemoteSwiftPackageReference;
			repositoryURL = "https://github.com/firebase/firebase-ios-sdk";
			requirement = {
				branch = master;
				kind = branch;
			};
		};
/* End XCRemoteSwiftPackageReference section */

/* Begin XCSwiftPackageProductDependency section */
		33F7F2E42898CC4300754BAE /* FirebaseAuth */ = {
			isa = XCSwiftPackageProductDependency;
			package = 33F7F2E32898CC4300754BAE /* XCRemoteSwiftPackageReference "firebase-ios-sdk" */;
			productName = FirebaseAuth;
		};
		33F7F2E62898CC4300754BAE /* FirebaseDatabase */ = {
			isa = XCSwiftPackageProductDependency;
			package = 33F7F2E32898CC4300754BAE /* XCRemoteSwiftPackageReference "firebase-ios-sdk" */;
			productName = FirebaseDatabase;
		};
		33F7F2E82898CC4300754BAE /* FirebaseStorage */ = {
			isa = XCSwiftPackageProductDependency;
			package = 33F7F2E32898CC4300754BAE /* XCRemoteSwiftPackageReference "firebase-ios-sdk" */;
			productName = FirebaseStorage;
		};
/* End XCSwiftPackageProductDependency section */
	};
	rootObject = 33F7F2B32898948100754BAE /* Project object */;
}
